// !$*UTF8*$!
{
	archiveVersion = 1;
	classes = {
	};
	objectVersion = 56;
	objects = {

/* Begin PBXBuildFile section */
		B41207F92937BC5C00DF7AAC /* var.cpp in Sources */ = {isa = PBXBuildFile; fileRef = B41207F72937BC5C00DF7AAC /* var.cpp */; };
		B41207FD2937BCE000DF7AAC /* dod.cpp in Sources */ = {isa = PBXBuildFile; fileRef = B41207FB2937BCE000DF7AAC /* dod.cpp */; };
		B41208012937CD6C00DF7AAC /* Sum.cpp in Sources */ = {isa = PBXBuildFile; fileRef = B41207FF2937CD6C00DF7AAC /* Sum.cpp */; };
		B412080F2937D1D400DF7AAC /* main.cpp in Sources */ = {isa = PBXBuildFile; fileRef = B41207EF2937B94D00DF7AAC /* main.cpp */; };
		B41208182937D2A900DF7AAC /* testlab.mm in Sources */ = {isa = PBXBuildFile; fileRef = B41208172937D2A900DF7AAC /* testlab.mm */; };
/* End PBXBuildFile section */

/* Begin PBXCopyFilesBuildPhase section */
		B41207EA2937B94D00DF7AAC /* CopyFiles */ = {
			isa = PBXCopyFilesBuildPhase;
			buildActionMask = 2147483647;
			dstPath = /usr/share/man/man1/;
			dstSubfolderSpec = 0;
			files = (
			);
			runOnlyForDeploymentPostprocessing = 1;
		};
/* End PBXCopyFilesBuildPhase section */

/* Begin PBXFileReference section */
		B41207EC2937B94D00DF7AAC /* lab_13.1 */ = {isa = PBXFileReference; explicitFileType = "compiled.mach-o.executable"; includeInIndex = 0; path = lab_13.1; sourceTree = BUILT_PRODUCTS_DIR; };
		B41207EF2937B94D00DF7AAC /* main.cpp */ = {isa = PBXFileReference; lastKnownFileType = sourcecode.cpp.cpp; path = main.cpp; sourceTree = "<group>"; };
		B41207F62937BC0800DF7AAC /* var.h */ = {isa = PBXFileReference; lastKnownFileType = sourcecode.c.h; path = var.h; sourceTree = "<group>"; };
		B41207F72937BC5C00DF7AAC /* var.cpp */ = {isa = PBXFileReference; lastKnownFileType = sourcecode.cpp.cpp; path = var.cpp; sourceTree = "<group>"; };
		B41207FA2937BCB800DF7AAC /* dod.h */ = {isa = PBXFileReference; lastKnownFileType = sourcecode.c.h; path = dod.h; sourceTree = "<group>"; };
		B41207FB2937BCE000DF7AAC /* dod.cpp */ = {isa = PBXFileReference; lastKnownFileType = sourcecode.cpp.cpp; path = dod.cpp; sourceTree = "<group>"; };
		B41207FE2937CD2A00DF7AAC /* sum.h */ = {isa = PBXFileReference; lastKnownFileType = sourcecode.c.h; path = sum.h; sourceTree = "<group>"; };
		B41207FF2937CD6C00DF7AAC /* Sum.cpp */ = {isa = PBXFileReference; lastKnownFileType = sourcecode.cpp.cpp; path = Sum.cpp; sourceTree = "<group>"; };
		B41208062937D00200DF7AAC /* tst.xctest */ = {isa = PBXFileReference; explicitFileType = wrapper.cfbundle; includeInIndex = 0; path = tst.xctest; sourceTree = BUILT_PRODUCTS_DIR; };
		B412080D2937D04600DF7AAC /* header.h */ = {isa = PBXFileReference; lastKnownFileType = sourcecode.c.h; path = header.h; sourceTree = "<group>"; };
		B41208152937D2A900DF7AAC /* testlab.xctest */ = {isa = PBXFileReference; explicitFileType = wrapper.cfbundle; includeInIndex = 0; path = testlab.xctest; sourceTree = BUILT_PRODUCTS_DIR; };
		B41208172937D2A900DF7AAC /* testlab.mm */ = {isa = PBXFileReference; lastKnownFileType = sourcecode.cpp.objcpp; path = testlab.mm; sourceTree = "<group>"; };
/* End PBXFileReference section */

/* Begin PBXFrameworksBuildPhase section */
		B41207E92937B94D00DF7AAC /* Frameworks */ = {
			isa = PBXFrameworksBuildPhase;
			buildActionMask = 2147483647;
			files = (
			);
			runOnlyForDeploymentPostprocessing = 0;
		};
		B41208032937D00200DF7AAC /* Frameworks */ = {
			isa = PBXFrameworksBuildPhase;
			buildActionMask = 2147483647;
			files = (
			);
			runOnlyForDeploymentPostprocessing = 0;
		};
		B41208122937D2A900DF7AAC /* Frameworks */ = {
			isa = PBXFrameworksBuildPhase;
			buildActionMask = 2147483647;
			files = (
			);
			runOnlyForDeploymentPostprocessing = 0;
		};
/* End PBXFrameworksBuildPhase section */

/* Begin PBXGroup section */
		B41207E32937B94D00DF7AAC = {
			isa = PBXGroup;
			children = (
				B41207EE2937B94D00DF7AAC /* lab_13.1 */,
				B41208162937D2A900DF7AAC /* testlab */,
				B41207ED2937B94D00DF7AAC /* Products */,
			);
			sourceTree = "<group>";
		};
		B41207ED2937B94D00DF7AAC /* Products */ = {
			isa = PBXGroup;
			children = (
				B41207EC2937B94D00DF7AAC /* lab_13.1 */,
				B41208062937D00200DF7AAC /* tst.xctest */,
				B41208152937D2A900DF7AAC /* testlab.xctest */,
			);
			name = Products;
			sourceTree = "<group>";
		};
		B41207EE2937B94D00DF7AAC /* lab_13.1 */ = {
			isa = PBXGroup;
			children = (
				B41207EF2937B94D00DF7AAC /* main.cpp */,
				B41207F62937BC0800DF7AAC /* var.h */,
				B41207F72937BC5C00DF7AAC /* var.cpp */,
				B41207FA2937BCB800DF7AAC /* dod.h */,
				B41207FB2937BCE000DF7AAC /* dod.cpp */,
				B41207FE2937CD2A00DF7AAC /* sum.h */,
				B41207FF2937CD6C00DF7AAC /* Sum.cpp */,
				B412080D2937D04600DF7AAC /* header.h */,
			);
			path = lab_13.1;
			sourceTree = "<group>";
		};
		B41208162937D2A900DF7AAC /* testlab */ = {
			isa = PBXGroup;
			children = (
				B41208172937D2A900DF7AAC /* testlab.mm */,
			);
			path = testlab;
			sourceTree = "<group>";
		};
/* End PBXGroup section */

/* Begin PBXNativeTarget section */
		B41207EB2937B94D00DF7AAC /* lab_13.1 */ = {
			isa = PBXNativeTarget;
			buildConfigurationList = B41207F32937B94D00DF7AAC /* Build configuration list for PBXNativeTarget "lab_13.1" */;
			buildPhases = (
				B41207E82937B94D00DF7AAC /* Sources */,
				B41207E92937B94D00DF7AAC /* Frameworks */,
				B41207EA2937B94D00DF7AAC /* CopyFiles */,
			);
			buildRules = (
			);
			dependencies = (
			);
			name = lab_13.1;
			productName = lab_13.1;
			productReference = B41207EC2937B94D00DF7AAC /* lab_13.1 */;
			productType = "com.apple.product-type.tool";
		};
		B41208052937D00200DF7AAC /* tst */ = {
			isa = PBXNativeTarget;
			buildConfigurationList = B412080A2937D00300DF7AAC /* Build configuration list for PBXNativeTarget "tst" */;
			buildPhases = (
				B41208022937D00200DF7AAC /* Sources */,
				B41208032937D00200DF7AAC /* Frameworks */,
				B41208042937D00200DF7AAC /* Resources */,
			);
			buildRules = (
			);
			dependencies = (
			);
			name = tst;
			productName = tst;
			productReference = B41208062937D00200DF7AAC /* tst.xctest */;
			productType = "com.apple.product-type.bundle.unit-test";
		};
		B41208142937D2A900DF7AAC /* testlab */ = {
			isa = PBXNativeTarget;
			buildConfigurationList = B41208192937D2A900DF7AAC /* Build configuration list for PBXNativeTarget "testlab" */;
			buildPhases = (
				B41208112937D2A900DF7AAC /* Sources */,
				B41208122937D2A900DF7AAC /* Frameworks */,
				B41208132937D2A900DF7AAC /* Resources */,
			);
			buildRules = (
			);
			dependencies = (
			);
			name = testlab;
			productName = testlab;
			productReference = B41208152937D2A900DF7AAC /* testlab.xctest */;
			productType = "com.apple.product-type.bundle.unit-test";
		};
/* End PBXNativeTarget section */

/* Begin PBXProject section */
		B41207E42937B94D00DF7AAC /* Project object */ = {
			isa = PBXProject;
			attributes = {
				BuildIndependentTargetsInParallel = 1;
				LastUpgradeCheck = 1410;
				TargetAttributes = {
					B41207EB2937B94D00DF7AAC = {
						CreatedOnToolsVersion = 14.1;
					};
					B41208052937D00200DF7AAC = {
						CreatedOnToolsVersion = 14.1;
					};
					B41208142937D2A900DF7AAC = {
						CreatedOnToolsVersion = 14.1;
					};
				};
			};
			buildConfigurationList = B41207E72937B94D00DF7AAC /* Build configuration list for PBXProject "lab_13.1" */;
			compatibilityVersion = "Xcode 14.0";
			developmentRegion = en;
			hasScannedForEncodings = 0;
			knownRegions = (
				en,
				Base,
			);
			mainGroup = B41207E32937B94D00DF7AAC;
			productRefGroup = B41207ED2937B94D00DF7AAC /* Products */;
			projectDirPath = "";
			projectRoot = "";
			targets = (
				B41207EB2937B94D00DF7AAC /* lab_13.1 */,
				B41208052937D00200DF7AAC /* tst */,
				B41208142937D2A900DF7AAC /* testlab */,
			);
		};
/* End PBXProject section */

/* Begin PBXResourcesBuildPhase section */
		B41208042937D00200DF7AAC /* Resources */ = {
			isa = PBXResourcesBuildPhase;
			buildActionMask = 2147483647;
			files = (
			);
			runOnlyForDeploymentPostprocessing = 0;
		};
		B41208132937D2A900DF7AAC /* Resources */ = {
			isa = PBXResourcesBuildPhase;
			buildActionMask = 2147483647;
			files = (
			);
			runOnlyForDeploymentPostprocessing = 0;
		};
/* End PBXResourcesBuildPhase section */

/* Begin PBXSourcesBuildPhase section */
		B41207E82937B94D00DF7AAC /* Sources */ = {
			isa = PBXSourcesBuildPhase;
			buildActionMask = 2147483647;
			files = (
				B41207FD2937BCE000DF7AAC /* dod.cpp in Sources */,
				B41208012937CD6C00DF7AAC /* Sum.cpp in Sources */,
				B412080F2937D1D400DF7AAC /* main.cpp in Sources */,
				B41207F92937BC5C00DF7AAC /* var.cpp in Sources */,
			);
			runOnlyForDeploymentPostprocessing = 0;
		};
		B41208022937D00200DF7AAC /* Sources */ = {
			isa = PBXSourcesBuildPhase;
			buildActionMask = 2147483647;
			files = (
			);
			runOnlyForDeploymentPostprocessing = 0;
		};
		B41208112937D2A900DF7AAC /* Sources */ = {
			isa = PBXSourcesBuildPhase;
			buildActionMask = 2147483647;
			files = (
				B41208182937D2A900DF7AAC /* testlab.mm in Sources */,
			);
			runOnlyForDeploymentPostprocessing = 0;
		};
/* End PBXSourcesBuildPhase section */

/* Begin XCBuildConfiguration section */
		B41207F12937B94D00DF7AAC /* Debug */ = {
			isa = XCBuildConfiguration;
			buildSettings = {
				ALWAYS_SEARCH_USER_PATHS = NO;
				CLANG_ANALYZER_NONNULL = YES;
				CLANG_ANALYZER_NUMBER_OBJECT_CONVERSION = YES_AGGRESSIVE;
				CLANG_CXX_LANGUAGE_STANDARD = "gnu++20";
				CLANG_ENABLE_MODULES = YES;
				CLANG_ENABLE_OBJC_ARC = YES;
				CLANG_ENABLE_OBJC_WEAK = YES;
				CLANG_WARN_BLOCK_CAPTURE_AUTORELEASING = YES;
				CLANG_WARN_BOOL_CONVERSION = YES;
				CLANG_WARN_COMMA = YES;
				CLANG_WARN_CONSTANT_CONVERSION = YES;
				CLANG_WARN_DEPRECATED_OBJC_IMPLEMENTATIONS = YES;
				CLANG_WARN_DIRECT_OBJC_ISA_USAGE = YES_ERROR;
				CLANG_WARN_DOCUMENTATION_COMMENTS = YES;
				CLANG_WARN_EMPTY_BODY = YES;
				CLANG_WARN_ENUM_CONVERSION = YES;
				CLANG_WARN_INFINITE_RECURSION = YES;
				CLANG_WARN_INT_CONVERSION = YES;
				CLANG_WARN_NON_LITERAL_NULL_CONVERSION = YES;
				CLANG_WARN_OBJC_IMPLICIT_RETAIN_SELF = YES;
				CLANG_WARN_OBJC_LITERAL_CONVERSION = YES;
				CLANG_WARN_OBJC_ROOT_CLASS = YES_ERROR;
				CLANG_WARN_QUOTED_INCLUDE_IN_FRAMEWORK_HEADER = YES;
				CLANG_WARN_RANGE_LOOP_ANALYSIS = YES;
				CLANG_WARN_STRICT_PROTOTYPES = YES;
				CLANG_WARN_SUSPICIOUS_MOVE = YES;
				CLANG_WARN_UNGUARDED_AVAILABILITY = YES_AGGRESSIVE;
				CLANG_WARN_UNREACHABLE_CODE = YES;
				CLANG_WARN__DUPLICATE_METHOD_MATCH = YES;
				COPY_PHASE_STRIP = NO;
				DEBUG_INFORMATION_FORMAT = dwarf;
				ENABLE_STRICT_OBJC_MSGSEND = YES;
				ENABLE_TESTABILITY = YES;
				GCC_C_LANGUAGE_STANDARD = gnu11;
				GCC_DYNAMIC_NO_PIC = NO;
				GCC_NO_COMMON_BLOCKS = YES;
				GCC_OPTIMIZATION_LEVEL = 0;
				GCC_PREPROCESSOR_DEFINITIONS = (
					"DEBUG=1",
					"$(inherited)",
				);
				GCC_WARN_64_TO_32_BIT_CONVERSION = YES;
				GCC_WARN_ABOUT_RETURN_TYPE = YES_ERROR;
				GCC_WARN_UNDECLARED_SELECTOR = YES;
				GCC_WARN_UNINITIALIZED_AUTOS = YES_AGGRESSIVE;
				GCC_WARN_UNUSED_FUNCTION = YES;
				GCC_WARN_UNUSED_VARIABLE = YES;
				MACOSX_DEPLOYMENT_TARGET = 13.0;
				MTL_ENABLE_DEBUG_INFO = INCLUDE_SOURCE;
				MTL_FAST_MATH = YES;
				ONLY_ACTIVE_ARCH = YES;
				SDKROOT = macosx;
			};
			name = Debug;
		};
		B41207F22937B94D00DF7AAC /* Release */ = {
			isa = XCBuildConfiguration;
			buildSettings = {
				ALWAYS_SEARCH_USER_PATHS = NO;
				CLANG_ANALYZER_NONNULL = YES;
				CLANG_ANALYZER_NUMBER_OBJECT_CONVERSION = YES_AGGRESSIVE;
				CLANG_CXX_LANGUAGE_STANDARD = "gnu++20";
				CLANG_ENABLE_MODULES = YES;
				CLANG_ENABLE_OBJC_ARC = YES;
				CLANG_ENABLE_OBJC_WEAK = YES;
				CLANG_WARN_BLOCK_CAPTURE_AUTORELEASING = YES;
				CLANG_WARN_BOOL_CONVERSION = YES;
				CLANG_WARN_COMMA = YES;
				CLANG_WARN_CONSTANT_CONVERSION = YES;
				CLANG_WARN_DEPRECATED_OBJC_IMPLEMENTATIONS = YES;
				CLANG_WARN_DIRECT_OBJC_ISA_USAGE = YES_ERROR;
				CLANG_WARN_DOCUMENTATION_COMMENTS = YES;
				CLANG_WARN_EMPTY_BODY = YES;
				CLANG_WARN_ENUM_CONVERSION = YES;
				CLANG_WARN_INFINITE_RECURSION = YES;
				CLANG_WARN_INT_CONVERSION = YES;
				CLANG_WARN_NON_LITERAL_NULL_CONVERSION = YES;
				CLANG_WARN_OBJC_IMPLICIT_RETAIN_SELF = YES;
				CLANG_WARN_OBJC_LITERAL_CONVERSION = YES;
				CLANG_WARN_OBJC_ROOT_CLASS = YES_ERROR;
				CLANG_WARN_QUOTED_INCLUDE_IN_FRAMEWORK_HEADER = YES;
				CLANG_WARN_RANGE_LOOP_ANALYSIS = YES;
				CLANG_WARN_STRICT_PROTOTYPES = YES;
				CLANG_WARN_SUSPICIOUS_MOVE = YES;
				CLANG_WARN_UNGUARDED_AVAILABILITY = YES_AGGRESSIVE;
				CLANG_WARN_UNREACHABLE_CODE = YES;
				CLANG_WARN__DUPLICATE_METHOD_MATCH = YES;
				COPY_PHASE_STRIP = NO;
				DEBUG_INFORMATION_FORMAT = "dwarf-with-dsym";
				ENABLE_NS_ASSERTIONS = NO;
				ENABLE_STRICT_OBJC_MSGSEND = YES;
				GCC_C_LANGUAGE_STANDARD = gnu11;
				GCC_NO_COMMON_BLOCKS = YES;
				GCC_WARN_64_TO_32_BIT_CONVERSION = YES;
				GCC_WARN_ABOUT_RETURN_TYPE = YES_ERROR;
				GCC_WARN_UNDECLARED_SELECTOR = YES;
				GCC_WARN_UNINITIALIZED_AUTOS = YES_AGGRESSIVE;
				GCC_WARN_UNUSED_FUNCTION = YES;
				GCC_WARN_UNUSED_VARIABLE = YES;
				MACOSX_DEPLOYMENT_TARGET = 13.0;
				MTL_ENABLE_DEBUG_INFO = NO;
				MTL_FAST_MATH = YES;
				SDKROOT = macosx;
			};
			name = Release;
		};
		B41207F42937B94D00DF7AAC /* Debug */ = {
			isa = XCBuildConfiguration;
			buildSettings = {
				CODE_SIGN_STYLE = Automatic;
				DEVELOPMENT_TEAM = YK4GU5XTS4;
				ENABLE_HARDENED_RUNTIME = YES;
				PRODUCT_NAME = "$(TARGET_NAME)";
			};
			name = Debug;
		};
		B41207F52937B94D00DF7AAC /* Release */ = {
			isa = XCBuildConfiguration;
			buildSettings = {
				CODE_SIGN_STYLE = Automatic;
				DEVELOPMENT_TEAM = YK4GU5XTS4;
				ENABLE_HARDENED_RUNTIME = YES;
				PRODUCT_NAME = "$(TARGET_NAME)";
			};
			name = Release;
		};
		B412080B2937D00300DF7AAC /* Debug */ = {
			isa = XCBuildConfiguration;
			buildSettings = {
				CODE_SIGN_STYLE = Automatic;
				CURRENT_PROJECT_VERSION = 1;
				DEVELOPMENT_TEAM = YK4GU5XTS4;
				GENERATE_INFOPLIST_FILE = YES;
				IPHONEOS_DEPLOYMENT_TARGET = 16.1;
				MACOSX_DEPLOYMENT_TARGET = 13.0;
				MARKETING_VERSION = 1.0;
				PRODUCT_BUNDLE_IDENTIFIER = Lab.tst;
				PRODUCT_NAME = "$(TARGET_NAME)";
				SDKROOT = auto;
				SUPPORTED_PLATFORMS = "iphoneos iphonesimulator macosx";
				SWIFT_EMIT_LOC_STRINGS = NO;
				TARGETED_DEVICE_FAMILY = "1,2";
			};
			name = Debug;
		};
		B412080C2937D00300DF7AAC /* Release */ = {
			isa = XCBuildConfiguration;
			buildSettings = {
				CODE_SIGN_STYLE = Automatic;
				CURRENT_PROJECT_VERSION = 1;
				DEVELOPMENT_TEAM = YK4GU5XTS4;
				GENERATE_INFOPLIST_FILE = YES;
				IPHONEOS_DEPLOYMENT_TARGET = 16.1;
				MACOSX_DEPLOYMENT_TARGET = 13.0;
				MARKETING_VERSION = 1.0;
				PRODUCT_BUNDLE_IDENTIFIER = Lab.tst;
				PRODUCT_NAME = "$(TARGET_NAME)";
				SDKROOT = auto;
				SUPPORTED_PLATFORMS = "iphoneos iphonesimulator macosx";
				SWIFT_EMIT_LOC_STRINGS = NO;
				TARGETED_DEVICE_FAMILY = "1,2";
			};
			name = Release;
		};
		B412081A2937D2A900DF7AAC /* Debug */ = {
			isa = XCBuildConfiguration;
			buildSettings = {
				CODE_SIGN_STYLE = Automatic;
				CURRENT_PROJECT_VERSION = 1;
				DEVELOPMENT_TEAM = YK4GU5XTS4;
				GENERATE_INFOPLIST_FILE = YES;
				IPHONEOS_DEPLOYMENT_TARGET = 16.1;
				MACOSX_DEPLOYMENT_TARGET = 13.0;
				MARKETING_VERSION = 1.0;
				PRODUCT_BUNDLE_IDENTIFIER = Lab.testlab;
				PRODUCT_NAME = "$(TARGET_NAME)";
				SDKROOT = auto;
				SUPPORTED_PLATFORMS = "iphoneos iphonesimulator macosx";
				SWIFT_EMIT_LOC_STRINGS = NO;
				TARGETED_DEVICE_FAMILY = "1,2";
			};
			name = Debug;
		};
		B412081B2937D2A900DF7AAC /* Release */ = {
			isa = XCBuildConfiguration;
			buildSettings = {
				CODE_SIGN_STYLE = Automatic;
				CURRENT_PROJECT_VERSION = 1;
				DEVELOPMENT_TEAM = YK4GU5XTS4;
				GENERATE_INFOPLIST_FILE = YES;
				IPHONEOS_DEPLOYMENT_TARGET = 16.1;
				MACOSX_DEPLOYMENT_TARGET = 13.0;
				MARKETING_VERSION = 1.0;
				PRODUCT_BUNDLE_IDENTIFIER = Lab.testlab;
				PRODUCT_NAME = "$(TARGET_NAME)";
				SDKROOT = auto;
				SUPPORTED_PLATFORMS = "iphoneos iphonesimulator macosx";
				SWIFT_EMIT_LOC_STRINGS = NO;
				TARGETED_DEVICE_FAMILY = "1,2";
			};
			name = Release;
		};
/* End XCBuildConfiguration section */

/* Begin XCConfigurationList section */
		B41207E72937B94D00DF7AAC /* Build configuration list for PBXProject "lab_13.1" */ = {
			isa = XCConfigurationList;
			buildConfigurations = (
				B41207F12937B94D00DF7AAC /* Debug */,
				B41207F22937B94D00DF7AAC /* Release */,
			);
			defaultConfigurationIsVisible = 0;
			defaultConfigurationName = Release;
		};
		B41207F32937B94D00DF7AAC /* Build configuration list for PBXNativeTarget "lab_13.1" */ = {
			isa = XCConfigurationList;
			buildConfigurations = (
				B41207F42937B94D00DF7AAC /* Debug */,
				B41207F52937B94D00DF7AAC /* Release */,
			);
			defaultConfigurationIsVisible = 0;
			defaultConfigurationName = Release;
		};
		B412080A2937D00300DF7AAC /* Build configuration list for PBXNativeTarget "tst" */ = {
			isa = XCConfigurationList;
			buildConfigurations = (
				B412080B2937D00300DF7AAC /* Debug */,
				B412080C2937D00300DF7AAC /* Release */,
			);
			defaultConfigurationIsVisible = 0;
			defaultConfigurationName = Release;
		};
		B41208192937D2A900DF7AAC /* Build configuration list for PBXNativeTarget "testlab" */ = {
			isa = XCConfigurationList;
			buildConfigurations = (
				B412081A2937D2A900DF7AAC /* Debug */,
				B412081B2937D2A900DF7AAC /* Release */,
			);
			defaultConfigurationIsVisible = 0;
			defaultConfigurationName = Release;
		};
/* End XCConfigurationList section */
	};
	rootObject = B41207E42937B94D00DF7AAC /* Project object */;
}
